PODS:
  - FMDB (2.6.2):
    - FMDB/standard (= 2.6.2)
  - FMDB/standard (2.6.2)
  - PSFoundation (1.0.51)
  - SQLiteMapper (0.1.0):
    - FMDB
    - PSFoundation

DEPENDENCIES:
  - SQLiteMapper (from `../`)

EXTERNAL SOURCES:
  SQLiteMapper:
    :path: ../

SPEC CHECKSUMS:
  FMDB: 854a0341b4726e53276f2a8996f06f1b80f9259a
  PSFoundation: 8546e1ab994991c75427422309317f55088c5a79
  SQLiteMapper: 6c51072f5da65d3e826cd0c46f0b5a802dea7553

PODFILE CHECKSUM: 997b6681847ba5ab2c250f7b9f05ae0de59fd745

COCOAPODS: 1.0.0
